
Microsoft Visual Studio Solution File, Format Version 12.00
# Visual Studio Version 17
VisualStudioVersion = 17.3.32929.385
MinimumVisualStudioVersion = 10.0.40219.1
Project("{FAE04EC0-301F-11D3-BF4B-00C04F79EFBC}") = "Base64Decoder", "Base64Decoder.csproj", "{94A3042A-B2CE-43E6-84AA-DABD34571E0A}"
EndProject
Global
	GlobalSection(SolutionConfigurationPlatforms) = preSolution
		Debug|Any CPU = Debug|Any CPU
		Release|Any CPU = Release|Any CPU
	EndGlobalSection
	GlobalSection(ProjectConfigurationPlatforms) = postSolution
		{94A3042A-B2CE-43E6-84AA-DABD34571E0A}.Debug|Any CPU.ActiveCfg = Debug|Any CPU
		{94A3042A-B2CE-43E6-84AA-DABD34571E0A}.Debug|Any CPU.Build.0 = Debug|Any CPU
		{94A3042A-B2CE-43E6-84AA-DABD34571E0A}.Release|Any CPU.ActiveCfg = Release|Any CPU
		{94A3042A-B2CE-43E6-84AA-DABD34571E0A}.Release|Any CPU.Build.0 = Release|Any CPU
	EndGlobalSection
	GlobalSection(SolutionProperties) = preSolution
		HideSolutionNode = FALSE
	EndGlobalSection
	GlobalSection(ExtensibilityGlobals) = postSolution
		SolutionGuid = {28704248-86F8-42F4-9B38-0E7BD76EF337}
	EndGlobalSection
EndGlobal
